// !$*UTF8*$!
{
	archiveVersion = 1;
	classes = {
	};
	objectVersion = 50;
	objects = {

/* Begin PBXBuildFile section */
		440E8F12229E1D5900114ACE /* AppearanceHelper.swift in Sources */ = {isa = PBXBuildFile; fileRef = 440E8F11229E1D5900114ACE /* AppearanceHelper.swift */; };
		4431C355229D925A00BA99B5 /* AppDelegate.swift in Sources */ = {isa = PBXBuildFile; fileRef = 4431C354229D925A00BA99B5 /* AppDelegate.swift */; };
		4431C35A229D925A00BA99B5 /* Main.storyboard in Resources */ = {isa = PBXBuildFile; fileRef = 4431C358229D925A00BA99B5 /* Main.storyboard */; };
		4431C35C229D925A00BA99B5 /* Assets.xcassets in Resources */ = {isa = PBXBuildFile; fileRef = 4431C35B229D925A00BA99B5 /* Assets.xcassets */; };
		4431C35F229D925A00BA99B5 /* LaunchScreen.storyboard in Resources */ = {isa = PBXBuildFile; fileRef = 4431C35D229D925A00BA99B5 /* LaunchScreen.storyboard */; };
		4431C367229D951E00BA99B5 /* Trip.swift in Sources */ = {isa = PBXBuildFile; fileRef = 4431C366229D951E00BA99B5 /* Trip.swift */; };
		4431C369229D961900BA99B5 /* User.swift in Sources */ = {isa = PBXBuildFile; fileRef = 4431C368229D961900BA99B5 /* User.swift */; };
		4431C36C229D97BD00BA99B5 /* TripController.swift in Sources */ = {isa = PBXBuildFile; fileRef = 4431C36B229D97BD00BA99B5 /* TripController.swift */; };
		44425B2B229F3448006BC02C /* PersonListTableViewCell.swift in Sources */ = {isa = PBXBuildFile; fileRef = 44425B2A229F3448006BC02C /* PersonListTableViewCell.swift */; };
		4443745B22A05B6C00998466 /* PaidByCollectionViewCell.swift in Sources */ = {isa = PBXBuildFile; fileRef = 4443745A22A05B6C00998466 /* PaidByCollectionViewCell.swift */; };
		4443745D22A05B7B00998466 /* UsedByCollectionViewCell.swift in Sources */ = {isa = PBXBuildFile; fileRef = 4443745C22A05B7B00998466 /* UsedByCollectionViewCell.swift */; };
		44786688229F1C5100FFA53E /* PeopleAddNameViewController.swift in Sources */ = {isa = PBXBuildFile; fileRef = 44786687229F1C5100FFA53E /* PeopleAddNameViewController.swift */; };
		4478668A229F1C6300FFA53E /* PeopleAddPhotoViewController.swift in Sources */ = {isa = PBXBuildFile; fileRef = 44786689229F1C6300FFA53E /* PeopleAddPhotoViewController.swift */; };
		4478668E229F1CAB00FFA53E /* PeopleTableViewController.swift in Sources */ = {isa = PBXBuildFile; fileRef = 4478668D229F1CAB00FFA53E /* PeopleTableViewController.swift */; };
		44786691229F1FF900FFA53E /* PeopleSummaryTableViewController.swift in Sources */ = {isa = PBXBuildFile; fileRef = 44786690229F1FF900FFA53E /* PeopleSummaryTableViewController.swift */; };
		44786693229F263C00FFA53E /* PersonSummaryTableViewCell.swift in Sources */ = {isa = PBXBuildFile; fileRef = 44786692229F263C00FFA53E /* PersonSummaryTableViewCell.swift */; };
		44786695229F267E00FFA53E /* PersonExpenseTableViewCell.swift in Sources */ = {isa = PBXBuildFile; fileRef = 44786694229F267E00FFA53E /* PersonExpenseTableViewCell.swift */; };
		44B06F7022A0A68A003AAE89 /* PaidByCollectionViewController.swift in Sources */ = {isa = PBXBuildFile; fileRef = 44B06F6F22A0A68A003AAE89 /* PaidByCollectionViewController.swift */; };
		44B06F7222A0A699003AAE89 /* UsedByCollectionViewController.swift in Sources */ = {isa = PBXBuildFile; fileRef = 44B06F7122A0A699003AAE89 /* UsedByCollectionViewController.swift */; };
		44DF75DE229EEBF800AC0FBC /* TripExpenseCostViewController.swift in Sources */ = {isa = PBXBuildFile; fileRef = 44DF75DD229EEBF800AC0FBC /* TripExpenseCostViewController.swift */; };
		44DF75E0229EEC1300AC0FBC /* TripExpensePaidByViewController.swift in Sources */ = {isa = PBXBuildFile; fileRef = 44DF75DF229EEC1300AC0FBC /* TripExpensePaidByViewController.swift */; };
		44DF75E2229EEC3F00AC0FBC /* TripExpenseUsedByViewController.swift in Sources */ = {isa = PBXBuildFile; fileRef = 44DF75E1229EEC3F00AC0FBC /* TripExpenseUsedByViewController.swift */; };
		44DF75E5229EEDB700AC0FBC /* TripExpenseEventViewController.swift in Sources */ = {isa = PBXBuildFile; fileRef = 44DF75E4229EEDB700AC0FBC /* TripExpenseEventViewController.swift */; };
		D101FFB2229EF57A00D3A5A8 /* LoginViewController.swift in Sources */ = {isa = PBXBuildFile; fileRef = D101FFB0229EF57A00D3A5A8 /* LoginViewController.swift */; };
		D101FFB3229EF57A00D3A5A8 /* APIController.swift in Sources */ = {isa = PBXBuildFile; fileRef = D101FFB1229EF57A00D3A5A8 /* APIController.swift */; };
		D101FFB5229EF5A300D3A5A8 /* Bearer.swift in Sources */ = {isa = PBXBuildFile; fileRef = D101FFB4229EF5A300D3A5A8 /* Bearer.swift */; };
		D101FFB9229F134200D3A5A8 /* TripExpenseTableViewController.swift in Sources */ = {isa = PBXBuildFile; fileRef = D101FFB8229F134200D3A5A8 /* TripExpenseTableViewController.swift */; };
		D101FFBB229F13DA00D3A5A8 /* TransactionsTotalTableViewCell.swift in Sources */ = {isa = PBXBuildFile; fileRef = D101FFBA229F13DA00D3A5A8 /* TransactionsTotalTableViewCell.swift */; };
		D101FFBD229F156600D3A5A8 /* TransactionCellTableViewCell.swift in Sources */ = {isa = PBXBuildFile; fileRef = D101FFBC229F156600D3A5A8 /* TransactionCellTableViewCell.swift */; };
		D101FFC4229F649500D3A5A8 /* TripName.swift in Sources */ = {isa = PBXBuildFile; fileRef = D101FFC3229F649500D3A5A8 /* TripName.swift */; };
		D131F4FB229DD62D00C58357 /* PastTripTableViewCell.swift in Sources */ = {isa = PBXBuildFile; fileRef = D131F4FA229DD62D00C58357 /* PastTripTableViewCell.swift */; };
		D131F4FE229DEC5000C58357 /* TripDetailViewController.swift in Sources */ = {isa = PBXBuildFile; fileRef = D131F4FD229DEC5000C58357 /* TripDetailViewController.swift */; };
		D140C94E22A02EF200954050 /* LoginStruct.swift in Sources */ = {isa = PBXBuildFile; fileRef = D140C94D22A02EF200954050 /* LoginStruct.swift */; };
		D140C95022A03D5E00954050 /* Expense.swift in Sources */ = {isa = PBXBuildFile; fileRef = D140C94F22A03D5E00954050 /* Expense.swift */; };
		D140C95222A03DD800954050 /* ExpenseController.swift in Sources */ = {isa = PBXBuildFile; fileRef = D140C95122A03DD800954050 /* ExpenseController.swift */; };
		D140C95422A073BB00954050 /* Register.swift in Sources */ = {isa = PBXBuildFile; fileRef = D140C95322A073BB00954050 /* Register.swift */; };
		D140C95622A0A99900954050 /* ParticipantController.swift in Sources */ = {isa = PBXBuildFile; fileRef = D140C95522A0A99900954050 /* ParticipantController.swift */; };
		D16E58A8229D9959005ED951 /* Trips.storyboard in Resources */ = {isa = PBXBuildFile; fileRef = D16E58A7229D9959005ED951 /* Trips.storyboard */; };
		D16E58AA229D9973005ED951 /* People.storyboard in Resources */ = {isa = PBXBuildFile; fileRef = D16E58A9229D9973005ED951 /* People.storyboard */; };
		D16E58AC229D9986005ED951 /* Transactions.storyboard in Resources */ = {isa = PBXBuildFile; fileRef = D16E58AB229D9986005ED951 /* Transactions.storyboard */; };
		D16E58B2229DCD7E005ED951 /* TripsTableViewController.swift in Sources */ = {isa = PBXBuildFile; fileRef = D16E58B1229DCD7E005ED951 /* TripsTableViewController.swift */; };
		D16E58B6229DCF76005ED951 /* ActiveTripTableViewCell.swift in Sources */ = {isa = PBXBuildFile; fileRef = D16E58B5229DCF76005ED951 /* ActiveTripTableViewCell.swift */; };
/* End PBXBuildFile section */

/* Begin PBXFileReference section */
		440E8F11229E1D5900114ACE /* AppearanceHelper.swift */ = {isa = PBXFileReference; lastKnownFileType = sourcecode.swift; path = AppearanceHelper.swift; sourceTree = "<group>"; };
		4431C351229D925A00BA99B5 /* Trip Splitr.app */ = {isa = PBXFileReference; explicitFileType = wrapper.application; includeInIndex = 0; path = "Trip Splitr.app"; sourceTree = BUILT_PRODUCTS_DIR; };
		4431C354229D925A00BA99B5 /* AppDelegate.swift */ = {isa = PBXFileReference; lastKnownFileType = sourcecode.swift; path = AppDelegate.swift; sourceTree = "<group>"; };
		4431C359229D925A00BA99B5 /* Base */ = {isa = PBXFileReference; lastKnownFileType = file.storyboard; name = Base; path = Base.lproj/Main.storyboard; sourceTree = "<group>"; };
		4431C35B229D925A00BA99B5 /* Assets.xcassets */ = {isa = PBXFileReference; lastKnownFileType = folder.assetcatalog; path = Assets.xcassets; sourceTree = "<group>"; };
		4431C35E229D925A00BA99B5 /* Base */ = {isa = PBXFileReference; lastKnownFileType = file.storyboard; name = Base; path = Base.lproj/LaunchScreen.storyboard; sourceTree = "<group>"; };
		4431C360229D925A00BA99B5 /* Info.plist */ = {isa = PBXFileReference; lastKnownFileType = text.plist.xml; path = Info.plist; sourceTree = "<group>"; };
		4431C366229D951E00BA99B5 /* Trip.swift */ = {isa = PBXFileReference; lastKnownFileType = sourcecode.swift; path = Trip.swift; sourceTree = "<group>"; };
		4431C368229D961900BA99B5 /* User.swift */ = {isa = PBXFileReference; lastKnownFileType = sourcecode.swift; path = User.swift; sourceTree = "<group>"; };
		4431C36B229D97BD00BA99B5 /* TripController.swift */ = {isa = PBXFileReference; lastKnownFileType = sourcecode.swift; path = TripController.swift; sourceTree = "<group>"; };
		44425B2A229F3448006BC02C /* PersonListTableViewCell.swift */ = {isa = PBXFileReference; lastKnownFileType = sourcecode.swift; path = PersonListTableViewCell.swift; sourceTree = "<group>"; };
		4443745A22A05B6C00998466 /* PaidByCollectionViewCell.swift */ = {isa = PBXFileReference; lastKnownFileType = sourcecode.swift; path = PaidByCollectionViewCell.swift; sourceTree = "<group>"; };
		4443745C22A05B7B00998466 /* UsedByCollectionViewCell.swift */ = {isa = PBXFileReference; lastKnownFileType = sourcecode.swift; path = UsedByCollectionViewCell.swift; sourceTree = "<group>"; };
		44786687229F1C5100FFA53E /* PeopleAddNameViewController.swift */ = {isa = PBXFileReference; lastKnownFileType = sourcecode.swift; path = PeopleAddNameViewController.swift; sourceTree = "<group>"; };
		44786689229F1C6300FFA53E /* PeopleAddPhotoViewController.swift */ = {isa = PBXFileReference; lastKnownFileType = sourcecode.swift; path = PeopleAddPhotoViewController.swift; sourceTree = "<group>"; };
		4478668D229F1CAB00FFA53E /* PeopleTableViewController.swift */ = {isa = PBXFileReference; lastKnownFileType = sourcecode.swift; path = PeopleTableViewController.swift; sourceTree = "<group>"; };
		44786690229F1FF900FFA53E /* PeopleSummaryTableViewController.swift */ = {isa = PBXFileReference; lastKnownFileType = sourcecode.swift; path = PeopleSummaryTableViewController.swift; sourceTree = "<group>"; };
		44786692229F263C00FFA53E /* PersonSummaryTableViewCell.swift */ = {isa = PBXFileReference; lastKnownFileType = sourcecode.swift; path = PersonSummaryTableViewCell.swift; sourceTree = "<group>"; };
		44786694229F267E00FFA53E /* PersonExpenseTableViewCell.swift */ = {isa = PBXFileReference; lastKnownFileType = sourcecode.swift; path = PersonExpenseTableViewCell.swift; sourceTree = "<group>"; };
		44B06F6F22A0A68A003AAE89 /* PaidByCollectionViewController.swift */ = {isa = PBXFileReference; lastKnownFileType = sourcecode.swift; path = PaidByCollectionViewController.swift; sourceTree = "<group>"; };
		44B06F7122A0A699003AAE89 /* UsedByCollectionViewController.swift */ = {isa = PBXFileReference; lastKnownFileType = sourcecode.swift; path = UsedByCollectionViewController.swift; sourceTree = "<group>"; };
		44DF75DD229EEBF800AC0FBC /* TripExpenseCostViewController.swift */ = {isa = PBXFileReference; lastKnownFileType = sourcecode.swift; name = TripExpenseCostViewController.swift; path = ../TripExpenseCostViewController.swift; sourceTree = "<group>"; };
		44DF75DF229EEC1300AC0FBC /* TripExpensePaidByViewController.swift */ = {isa = PBXFileReference; lastKnownFileType = sourcecode.swift; name = TripExpensePaidByViewController.swift; path = ../TripExpensePaidByViewController.swift; sourceTree = "<group>"; };
		44DF75E1229EEC3F00AC0FBC /* TripExpenseUsedByViewController.swift */ = {isa = PBXFileReference; lastKnownFileType = sourcecode.swift; name = TripExpenseUsedByViewController.swift; path = ../TripExpenseUsedByViewController.swift; sourceTree = "<group>"; };
		44DF75E4229EEDB700AC0FBC /* TripExpenseEventViewController.swift */ = {isa = PBXFileReference; lastKnownFileType = sourcecode.swift; path = TripExpenseEventViewController.swift; sourceTree = "<group>"; };
		D101FFB0229EF57A00D3A5A8 /* LoginViewController.swift */ = {isa = PBXFileReference; fileEncoding = 4; lastKnownFileType = sourcecode.swift; name = LoginViewController.swift; path = "Trip Splitr/LoginViewController.swift"; sourceTree = SOURCE_ROOT; };
		D101FFB1229EF57A00D3A5A8 /* APIController.swift */ = {isa = PBXFileReference; fileEncoding = 4; lastKnownFileType = sourcecode.swift; name = APIController.swift; path = "Trip Splitr/APIController.swift"; sourceTree = SOURCE_ROOT; };
		D101FFB4229EF5A300D3A5A8 /* Bearer.swift */ = {isa = PBXFileReference; fileEncoding = 4; lastKnownFileType = sourcecode.swift; name = Bearer.swift; path = "Trip Splitr/Models/Bearer.swift"; sourceTree = SOURCE_ROOT; };
		D101FFB8229F134200D3A5A8 /* TripExpenseTableViewController.swift */ = {isa = PBXFileReference; lastKnownFileType = sourcecode.swift; name = TripExpenseTableViewController.swift; path = "Trip Splitr/ExpensesViewControllers/TripExpenseTableViewController.swift"; sourceTree = SOURCE_ROOT; };
		D101FFBA229F13DA00D3A5A8 /* TransactionsTotalTableViewCell.swift */ = {isa = PBXFileReference; lastKnownFileType = sourcecode.swift; name = TransactionsTotalTableViewCell.swift; path = "Trip Splitr/ExpensesViewControllers/TransactionsTotalTableViewCell.swift"; sourceTree = SOURCE_ROOT; };
		D101FFBC229F156600D3A5A8 /* TransactionCellTableViewCell.swift */ = {isa = PBXFileReference; lastKnownFileType = sourcecode.swift; name = TransactionCellTableViewCell.swift; path = "Trip Splitr/ExpensesViewControllers/TransactionCellTableViewCell.swift"; sourceTree = SOURCE_ROOT; };
		D101FFC3229F649500D3A5A8 /* TripName.swift */ = {isa = PBXFileReference; lastKnownFileType = sourcecode.swift; path = TripName.swift; sourceTree = "<group>"; };
		D131F4FA229DD62D00C58357 /* PastTripTableViewCell.swift */ = {isa = PBXFileReference; lastKnownFileType = sourcecode.swift; path = PastTripTableViewCell.swift; sourceTree = "<group>"; };
		D131F4FD229DEC5000C58357 /* TripDetailViewController.swift */ = {isa = PBXFileReference; lastKnownFileType = sourcecode.swift; path = TripDetailViewController.swift; sourceTree = "<group>"; };
		D140C94D22A02EF200954050 /* LoginStruct.swift */ = {isa = PBXFileReference; lastKnownFileType = sourcecode.swift; path = LoginStruct.swift; sourceTree = "<group>"; };
		D140C94F22A03D5E00954050 /* Expense.swift */ = {isa = PBXFileReference; lastKnownFileType = sourcecode.swift; path = Expense.swift; sourceTree = "<group>"; };
		D140C95122A03DD800954050 /* ExpenseController.swift */ = {isa = PBXFileReference; lastKnownFileType = sourcecode.swift; path = ExpenseController.swift; sourceTree = "<group>"; };
		D140C95322A073BB00954050 /* Register.swift */ = {isa = PBXFileReference; lastKnownFileType = sourcecode.swift; path = Register.swift; sourceTree = "<group>"; };
		D140C95522A0A99900954050 /* ParticipantController.swift */ = {isa = PBXFileReference; lastKnownFileType = sourcecode.swift; path = ParticipantController.swift; sourceTree = "<group>"; };
		D16E58A7229D9959005ED951 /* Trips.storyboard */ = {isa = PBXFileReference; lastKnownFileType = file.storyboard; path = Trips.storyboard; sourceTree = "<group>"; };
		D16E58A9229D9973005ED951 /* People.storyboard */ = {isa = PBXFileReference; lastKnownFileType = file.storyboard; path = People.storyboard; sourceTree = "<group>"; };
		D16E58AB229D9986005ED951 /* Transactions.storyboard */ = {isa = PBXFileReference; lastKnownFileType = file.storyboard; path = Transactions.storyboard; sourceTree = "<group>"; };
		D16E58B1229DCD7E005ED951 /* TripsTableViewController.swift */ = {isa = PBXFileReference; lastKnownFileType = sourcecode.swift; path = TripsTableViewController.swift; sourceTree = "<group>"; };
		D16E58B5229DCF76005ED951 /* ActiveTripTableViewCell.swift */ = {isa = PBXFileReference; lastKnownFileType = sourcecode.swift; path = ActiveTripTableViewCell.swift; sourceTree = "<group>"; };
/* End PBXFileReference section */

/* Begin PBXFrameworksBuildPhase section */
		4431C34E229D925A00BA99B5 /* Frameworks */ = {
			isa = PBXFrameworksBuildPhase;
			buildActionMask = 2147483647;
			files = (
			);
			runOnlyForDeploymentPostprocessing = 0;
		};
/* End PBXFrameworksBuildPhase section */

/* Begin PBXGroup section */
		4431C348229D925A00BA99B5 = {
			isa = PBXGroup;
			children = (
				4431C353229D925A00BA99B5 /* Trip Splitr */,
				4431C352229D925A00BA99B5 /* Products */,
			);
			sourceTree = "<group>";
		};
		4431C352229D925A00BA99B5 /* Products */ = {
			isa = PBXGroup;
			children = (
				4431C351229D925A00BA99B5 /* Trip Splitr.app */,
			);
			name = Products;
			sourceTree = "<group>";
		};
		4431C353229D925A00BA99B5 /* Trip Splitr */ = {
			isa = PBXGroup;
			children = (
				4431C354229D925A00BA99B5 /* AppDelegate.swift */,
				440E8F11229E1D5900114ACE /* AppearanceHelper.swift */,
				4431C36B229D97BD00BA99B5 /* TripController.swift */,
				D101FFB1229EF57A00D3A5A8 /* APIController.swift */,
				D140C95122A03DD800954050 /* ExpenseController.swift */,
				D101FFB0229EF57A00D3A5A8 /* LoginViewController.swift */,
				D140C95522A0A99900954050 /* ParticipantController.swift */,
				4443745E22A05BC700998466 /* CollectionViewCells */,
				4478668F229F1DD600FFA53E /* PeopleViewControllers */,
				44DF75E3229EEC4900AC0FBC /* ExpensesViewControllers */,
				D131F4FC229DEC1A00C58357 /* TripViewControllers */,
				D16E58AE229D99A1005ED951 /* Storyboards */,
				4431C36A229D979800BA99B5 /* Models */,
				4431C35B229D925A00BA99B5 /* Assets.xcassets */,
				4431C35D229D925A00BA99B5 /* LaunchScreen.storyboard */,
				4431C360229D925A00BA99B5 /* Info.plist */,
			);
			path = "Trip Splitr";
			sourceTree = "<group>";
		};
		4431C36A229D979800BA99B5 /* Models */ = {
			isa = PBXGroup;
			children = (
				4431C366229D951E00BA99B5 /* Trip.swift */,
				4431C368229D961900BA99B5 /* User.swift */,
				D140C95322A073BB00954050 /* Register.swift */,
				D101FFB4229EF5A300D3A5A8 /* Bearer.swift */,
				D101FFC3229F649500D3A5A8 /* TripName.swift */,
				D140C94D22A02EF200954050 /* LoginStruct.swift */,
				D140C94F22A03D5E00954050 /* Expense.swift */,
			);
			path = Models;
			sourceTree = "<group>";
		};
		4443745E22A05BC700998466 /* CollectionViewCells */ = {
			isa = PBXGroup;
			children = (
				4443745A22A05B6C00998466 /* PaidByCollectionViewCell.swift */,
				4443745C22A05B7B00998466 /* UsedByCollectionViewCell.swift */,
				44B06F6F22A0A68A003AAE89 /* PaidByCollectionViewController.swift */,
				44B06F7122A0A699003AAE89 /* UsedByCollectionViewController.swift */,
			);
			path = CollectionViewCells;
			sourceTree = "<group>";
		};
		4478668F229F1DD600FFA53E /* PeopleViewControllers */ = {
			isa = PBXGroup;
			children = (
				44786687229F1C5100FFA53E /* PeopleAddNameViewController.swift */,
				44786689229F1C6300FFA53E /* PeopleAddPhotoViewController.swift */,
				44786690229F1FF900FFA53E /* PeopleSummaryTableViewController.swift */,
				4478668D229F1CAB00FFA53E /* PeopleTableViewController.swift */,
				44786692229F263C00FFA53E /* PersonSummaryTableViewCell.swift */,
				44786694229F267E00FFA53E /* PersonExpenseTableViewCell.swift */,
				44425B2A229F3448006BC02C /* PersonListTableViewCell.swift */,
			);
			path = PeopleViewControllers;
			sourceTree = "<group>";
		};
		44DF75E3229EEC4900AC0FBC /* ExpensesViewControllers */ = {
			isa = PBXGroup;
			children = (
				44DF75E4229EEDB700AC0FBC /* TripExpenseEventViewController.swift */,
				44DF75DD229EEBF800AC0FBC /* TripExpenseCostViewController.swift */,
				44DF75DF229EEC1300AC0FBC /* TripExpensePaidByViewController.swift */,
				44DF75E1229EEC3F00AC0FBC /* TripExpenseUsedByViewController.swift */,
				D101FFB8229F134200D3A5A8 /* TripExpenseTableViewController.swift */,
				D101FFBA229F13DA00D3A5A8 /* TransactionsTotalTableViewCell.swift */,
				D101FFBC229F156600D3A5A8 /* TransactionCellTableViewCell.swift */,
			);
			path = ExpensesViewControllers;
			sourceTree = "<group>";
		};
		D131F4FC229DEC1A00C58357 /* TripViewControllers */ = {
			isa = PBXGroup;
			children = (
				D16E58B1229DCD7E005ED951 /* TripsTableViewController.swift */,
				D131F4FA229DD62D00C58357 /* PastTripTableViewCell.swift */,
				D16E58B5229DCF76005ED951 /* ActiveTripTableViewCell.swift */,
				D131F4FD229DEC5000C58357 /* TripDetailViewController.swift */,
			);
			path = TripViewControllers;
			sourceTree = "<group>";
		};
		D16E58AE229D99A1005ED951 /* Storyboards */ = {
			isa = PBXGroup;
			children = (
				D16E58A9229D9973005ED951 /* People.storyboard */,
				4431C358229D925A00BA99B5 /* Main.storyboard */,
				D16E58A7229D9959005ED951 /* Trips.storyboard */,
				D16E58AB229D9986005ED951 /* Transactions.storyboard */,
			);
			path = Storyboards;
			sourceTree = "<group>";
		};
/* End PBXGroup section */

/* Begin PBXNativeTarget section */
		4431C350229D925A00BA99B5 /* Trip Splitr */ = {
			isa = PBXNativeTarget;
			buildConfigurationList = 4431C363229D925A00BA99B5 /* Build configuration list for PBXNativeTarget "Trip Splitr" */;
			buildPhases = (
				4431C34D229D925A00BA99B5 /* Sources */,
				4431C34E229D925A00BA99B5 /* Frameworks */,
				4431C34F229D925A00BA99B5 /* Resources */,
			);
			buildRules = (
			);
			dependencies = (
			);
			name = "Trip Splitr";
			productName = "Trip Splitr";
			productReference = 4431C351229D925A00BA99B5 /* Trip Splitr.app */;
			productType = "com.apple.product-type.application";
		};
/* End PBXNativeTarget section */

/* Begin PBXProject section */
		4431C349229D925A00BA99B5 /* Project object */ = {
			isa = PBXProject;
			attributes = {
				LastSwiftUpdateCheck = 1020;
				LastUpgradeCheck = 1020;
				ORGANIZATIONNAME = "Ryan Murphy";
				TargetAttributes = {
					4431C350229D925A00BA99B5 = {
						CreatedOnToolsVersion = 10.2.1;
					};
				};
			};
			buildConfigurationList = 4431C34C229D925A00BA99B5 /* Build configuration list for PBXProject "Trip Splitr" */;
			compatibilityVersion = "Xcode 9.3";
			developmentRegion = en;
			hasScannedForEncodings = 0;
			knownRegions = (
				en,
				Base,
			);
			mainGroup = 4431C348229D925A00BA99B5;
			productRefGroup = 4431C352229D925A00BA99B5 /* Products */;
			projectDirPath = "";
			projectRoot = "";
			targets = (
				4431C350229D925A00BA99B5 /* Trip Splitr */,
			);
		};
/* End PBXProject section */

/* Begin PBXResourcesBuildPhase section */
		4431C34F229D925A00BA99B5 /* Resources */ = {
			isa = PBXResourcesBuildPhase;
			buildActionMask = 2147483647;
			files = (
				4431C35F229D925A00BA99B5 /* LaunchScreen.storyboard in Resources */,
				D16E58A8229D9959005ED951 /* Trips.storyboard in Resources */,
				D16E58AA229D9973005ED951 /* People.storyboard in Resources */,
				D16E58AC229D9986005ED951 /* Transactions.storyboard in Resources */,
				4431C35C229D925A00BA99B5 /* Assets.xcassets in Resources */,
				4431C35A229D925A00BA99B5 /* Main.storyboard in Resources */,
			);
			runOnlyForDeploymentPostprocessing = 0;
		};
/* End PBXResourcesBuildPhase section */

/* Begin PBXSourcesBuildPhase section */
		4431C34D229D925A00BA99B5 /* Sources */ = {
			isa = PBXSourcesBuildPhase;
			buildActionMask = 2147483647;
			files = (
				D140C95222A03DD800954050 /* ExpenseController.swift in Sources */,
				D101FFB2229EF57A00D3A5A8 /* LoginViewController.swift in Sources */,
				D101FFBD229F156600D3A5A8 /* TransactionCellTableViewCell.swift in Sources */,
				4431C367229D951E00BA99B5 /* Trip.swift in Sources */,
				44786691229F1FF900FFA53E /* PeopleSummaryTableViewController.swift in Sources */,
				4431C355229D925A00BA99B5 /* AppDelegate.swift in Sources */,
				440E8F12229E1D5900114ACE /* AppearanceHelper.swift in Sources */,
				D140C94E22A02EF200954050 /* LoginStruct.swift in Sources */,
				4443745B22A05B6C00998466 /* PaidByCollectionViewCell.swift in Sources */,
				44DF75DE229EEBF800AC0FBC /* TripExpenseCostViewController.swift in Sources */,
				D131F4FE229DEC5000C58357 /* TripDetailViewController.swift in Sources */,
				D16E58B6229DCF76005ED951 /* ActiveTripTableViewCell.swift in Sources */,
				D140C95422A073BB00954050 /* Register.swift in Sources */,
				4443745D22A05B7B00998466 /* UsedByCollectionViewCell.swift in Sources */,
				4478668A229F1C6300FFA53E /* PeopleAddPhotoViewController.swift in Sources */,
				44DF75E5229EEDB700AC0FBC /* TripExpenseEventViewController.swift in Sources */,
				D101FFB5229EF5A300D3A5A8 /* Bearer.swift in Sources */,
				D140C95622A0A99900954050 /* ParticipantController.swift in Sources */,
				44DF75E0229EEC1300AC0FBC /* TripExpensePaidByViewController.swift in Sources */,
				D131F4FB229DD62D00C58357 /* PastTripTableViewCell.swift in Sources */,
				D140C95022A03D5E00954050 /* Expense.swift in Sources */,
				D101FFBB229F13DA00D3A5A8 /* TransactionsTotalTableViewCell.swift in Sources */,
				4478668E229F1CAB00FFA53E /* PeopleTableViewController.swift in Sources */,
				D101FFC4229F649500D3A5A8 /* TripName.swift in Sources */,
				44DF75E2229EEC3F00AC0FBC /* TripExpenseUsedByViewController.swift in Sources */,
				D16E58B2229DCD7E005ED951 /* TripsTableViewController.swift in Sources */,
				D101FFB9229F134200D3A5A8 /* TripExpenseTableViewController.swift in Sources */,
				44786695229F267E00FFA53E /* PersonExpenseTableViewCell.swift in Sources */,
				4431C36C229D97BD00BA99B5 /* TripController.swift in Sources */,
				4431C369229D961900BA99B5 /* User.swift in Sources */,
				44786688229F1C5100FFA53E /* PeopleAddNameViewController.swift in Sources */,
				44786693229F263C00FFA53E /* PersonSummaryTableViewCell.swift in Sources */,
				44B06F7022A0A68A003AAE89 /* PaidByCollectionViewController.swift in Sources */,
				44425B2B229F3448006BC02C /* PersonListTableViewCell.swift in Sources */,
				44B06F7222A0A699003AAE89 /* UsedByCollectionViewController.swift in Sources */,
				D101FFB3229EF57A00D3A5A8 /* APIController.swift in Sources */,
			);
			runOnlyForDeploymentPostprocessing = 0;
		};
/* End PBXSourcesBuildPhase section */

/* Begin PBXVariantGroup section */
		4431C358229D925A00BA99B5 /* Main.storyboard */ = {
			isa = PBXVariantGroup;
			children = (
				4431C359229D925A00BA99B5 /* Base */,
			);
			name = Main.storyboard;
			sourceTree = "<group>";
		};
		4431C35D229D925A00BA99B5 /* LaunchScreen.storyboard */ = {
			isa = PBXVariantGroup;
			children = (
				4431C35E229D925A00BA99B5 /* Base */,
			);
			name = LaunchScreen.storyboard;
			sourceTree = "<group>";
		};
/* End PBXVariantGroup section */

/* Begin XCBuildConfiguration section */
		4431C361229D925A00BA99B5 /* Debug */ = {
			isa = XCBuildConfiguration;
			buildSettings = {
				ALWAYS_SEARCH_USER_PATHS = NO;
				CLANG_ANALYZER_NONNULL = YES;
				CLANG_ANALYZER_NUMBER_OBJECT_CONVERSION = YES_AGGRESSIVE;
				CLANG_CXX_LANGUAGE_STANDARD = "gnu++14";
				CLANG_CXX_LIBRARY = "libc++";
				CLANG_ENABLE_MODULES = YES;
				CLANG_ENABLE_OBJC_ARC = YES;
				CLANG_ENABLE_OBJC_WEAK = YES;
				CLANG_WARN_BLOCK_CAPTURE_AUTORELEASING = YES;
				CLANG_WARN_BOOL_CONVERSION = YES;
				CLANG_WARN_COMMA = YES;
				CLANG_WARN_CONSTANT_CONVERSION = YES;
				CLANG_WARN_DEPRECATED_OBJC_IMPLEMENTATIONS = YES;
				CLANG_WARN_DIRECT_OBJC_ISA_USAGE = YES_ERROR;
				CLANG_WARN_DOCUMENTATION_COMMENTS = YES;
				CLANG_WARN_EMPTY_BODY = YES;
				CLANG_WARN_ENUM_CONVERSION = YES;
				CLANG_WARN_INFINITE_RECURSION = YES;
				CLANG_WARN_INT_CONVERSION = YES;
				CLANG_WARN_NON_LITERAL_NULL_CONVERSION = YES;
				CLANG_WARN_OBJC_IMPLICIT_RETAIN_SELF = YES;
				CLANG_WARN_OBJC_LITERAL_CONVERSION = YES;
				CLANG_WARN_OBJC_ROOT_CLASS = YES_ERROR;
				CLANG_WARN_RANGE_LOOP_ANALYSIS = YES;
				CLANG_WARN_STRICT_PROTOTYPES = YES;
				CLANG_WARN_SUSPICIOUS_MOVE = YES;
				CLANG_WARN_UNGUARDED_AVAILABILITY = YES_AGGRESSIVE;
				CLANG_WARN_UNREACHABLE_CODE = YES;
				CLANG_WARN__DUPLICATE_METHOD_MATCH = YES;
				CODE_SIGN_IDENTITY = "iPhone Developer";
				COPY_PHASE_STRIP = NO;
				DEBUG_INFORMATION_FORMAT = dwarf;
				ENABLE_STRICT_OBJC_MSGSEND = YES;
				ENABLE_TESTABILITY = YES;
				GCC_C_LANGUAGE_STANDARD = gnu11;
				GCC_DYNAMIC_NO_PIC = NO;
				GCC_NO_COMMON_BLOCKS = YES;
				GCC_OPTIMIZATION_LEVEL = 0;
				GCC_PREPROCESSOR_DEFINITIONS = (
					"DEBUG=1",
					"$(inherited)",
				);
				GCC_WARN_64_TO_32_BIT_CONVERSION = YES;
				GCC_WARN_ABOUT_RETURN_TYPE = YES_ERROR;
				GCC_WARN_UNDECLARED_SELECTOR = YES;
				GCC_WARN_UNINITIALIZED_AUTOS = YES_AGGRESSIVE;
				GCC_WARN_UNUSED_FUNCTION = YES;
				GCC_WARN_UNUSED_VARIABLE = YES;
				IPHONEOS_DEPLOYMENT_TARGET = 12.2;
				MTL_ENABLE_DEBUG_INFO = INCLUDE_SOURCE;
				MTL_FAST_MATH = YES;
				ONLY_ACTIVE_ARCH = YES;
				SDKROOT = iphoneos;
				SWIFT_ACTIVE_COMPILATION_CONDITIONS = DEBUG;
				SWIFT_OPTIMIZATION_LEVEL = "-Onone";
			};
			name = Debug;
		};
		4431C362229D925A00BA99B5 /* Release */ = {
			isa = XCBuildConfiguration;
			buildSettings = {
				ALWAYS_SEARCH_USER_PATHS = NO;
				CLANG_ANALYZER_NONNULL = YES;
				CLANG_ANALYZER_NUMBER_OBJECT_CONVERSION = YES_AGGRESSIVE;
				CLANG_CXX_LANGUAGE_STANDARD = "gnu++14";
				CLANG_CXX_LIBRARY = "libc++";
				CLANG_ENABLE_MODULES = YES;
				CLANG_ENABLE_OBJC_ARC = YES;
				CLANG_ENABLE_OBJC_WEAK = YES;
				CLANG_WARN_BLOCK_CAPTURE_AUTORELEASING = YES;
				CLANG_WARN_BOOL_CONVERSION = YES;
				CLANG_WARN_COMMA = YES;
				CLANG_WARN_CONSTANT_CONVERSION = YES;
				CLANG_WARN_DEPRECATED_OBJC_IMPLEMENTATIONS = YES;
				CLANG_WARN_DIRECT_OBJC_ISA_USAGE = YES_ERROR;
				CLANG_WARN_DOCUMENTATION_COMMENTS = YES;
				CLANG_WARN_EMPTY_BODY = YES;
				CLANG_WARN_ENUM_CONVERSION = YES;
				CLANG_WARN_INFINITE_RECURSION = YES;
				CLANG_WARN_INT_CONVERSION = YES;
				CLANG_WARN_NON_LITERAL_NULL_CONVERSION = YES;
				CLANG_WARN_OBJC_IMPLICIT_RETAIN_SELF = YES;
				CLANG_WARN_OBJC_LITERAL_CONVERSION = YES;
				CLANG_WARN_OBJC_ROOT_CLASS = YES_ERROR;
				CLANG_WARN_RANGE_LOOP_ANALYSIS = YES;
				CLANG_WARN_STRICT_PROTOTYPES = YES;
				CLANG_WARN_SUSPICIOUS_MOVE = YES;
				CLANG_WARN_UNGUARDED_AVAILABILITY = YES_AGGRESSIVE;
				CLANG_WARN_UNREACHABLE_CODE = YES;
				CLANG_WARN__DUPLICATE_METHOD_MATCH = YES;
				CODE_SIGN_IDENTITY = "iPhone Developer";
				COPY_PHASE_STRIP = NO;
				DEBUG_INFORMATION_FORMAT = "dwarf-with-dsym";
				ENABLE_NS_ASSERTIONS = NO;
				ENABLE_STRICT_OBJC_MSGSEND = YES;
				GCC_C_LANGUAGE_STANDARD = gnu11;
				GCC_NO_COMMON_BLOCKS = YES;
				GCC_WARN_64_TO_32_BIT_CONVERSION = YES;
				GCC_WARN_ABOUT_RETURN_TYPE = YES_ERROR;
				GCC_WARN_UNDECLARED_SELECTOR = YES;
				GCC_WARN_UNINITIALIZED_AUTOS = YES_AGGRESSIVE;
				GCC_WARN_UNUSED_FUNCTION = YES;
				GCC_WARN_UNUSED_VARIABLE = YES;
				IPHONEOS_DEPLOYMENT_TARGET = 12.2;
				MTL_ENABLE_DEBUG_INFO = NO;
				MTL_FAST_MATH = YES;
				SDKROOT = iphoneos;
				SWIFT_COMPILATION_MODE = wholemodule;
				SWIFT_OPTIMIZATION_LEVEL = "-O";
				VALIDATE_PRODUCT = YES;
			};
			name = Release;
		};
		4431C364229D925A00BA99B5 /* Debug */ = {
			isa = XCBuildConfiguration;
			buildSettings = {
				ASSETCATALOG_COMPILER_APPICON_NAME = AppIcon;
				CODE_SIGN_STYLE = Automatic;
				INFOPLIST_FILE = "Trip Splitr/Info.plist";
				LD_RUNPATH_SEARCH_PATHS = (
					"$(inherited)",
					"@executable_path/Frameworks",
				);
				PRODUCT_BUNDLE_IDENTIFIER = "com.extremeconch.Trip-Splitr";
				PRODUCT_NAME = "$(TARGET_NAME)";
				SWIFT_VERSION = 5.0;
				TARGETED_DEVICE_FAMILY = "1,2";
			};
			name = Debug;
		};
		4431C365229D925A00BA99B5 /* Release */ = {
			isa = XCBuildConfiguration;
			buildSettings = {
				ASSETCATALOG_COMPILER_APPICON_NAME = AppIcon;
				CODE_SIGN_STYLE = Automatic;
				INFOPLIST_FILE = "Trip Splitr/Info.plist";
				LD_RUNPATH_SEARCH_PATHS = (
					"$(inherited)",
					"@executable_path/Frameworks",
				);
				PRODUCT_BUNDLE_IDENTIFIER = "com.extremeconch.Trip-Splitr";
				PRODUCT_NAME = "$(TARGET_NAME)";
				SWIFT_VERSION = 5.0;
				TARGETED_DEVICE_FAMILY = "1,2";
			};
			name = Release;
		};
/* End XCBuildConfiguration section */

/* Begin XCConfigurationList section */
		4431C34C229D925A00BA99B5 /* Build configuration list for PBXProject "Trip Splitr" */ = {
			isa = XCConfigurationList;
			buildConfigurations = (
				4431C361229D925A00BA99B5 /* Debug */,
				4431C362229D925A00BA99B5 /* Release */,
			);
			defaultConfigurationIsVisible = 0;
			defaultConfigurationName = Release;
		};
		4431C363229D925A00BA99B5 /* Build configuration list for PBXNativeTarget "Trip Splitr" */ = {
			isa = XCConfigurationList;
			buildConfigurations = (
				4431C364229D925A00BA99B5 /* Debug */,
				4431C365229D925A00BA99B5 /* Release */,
			);
			defaultConfigurationIsVisible = 0;
			defaultConfigurationName = Release;
		};
/* End XCConfigurationList section */
	};
	rootObject = 4431C349229D925A00BA99B5 /* Project object */;
}
